
Microsoft Visual Studio Solution File, Format Version 12.00
# Visual Studio Version 16
VisualStudioVersion = 25.0.1706.7
MinimumVisualStudioVersion = 10.0.40219.1
Project("{FAE04EC0-301F-11D3-BF4B-00C04F79EFBC}") = "LeaveManagement.Web", "LeaveManagement.Web\LeaveManagement.Web.csproj", "{66FC6CFC-EFD0-42CE-8F5D-24275371FA12}"
EndProject
Global
	GlobalSection(SolutionConfigurationPlatforms) = preSolution
		Debug|Any CPU = Debug|Any CPU
		Release|Any CPU = Release|Any CPU
	EndGlobalSection
	GlobalSection(ProjectConfigurationPlatforms) = postSolution
		{66FC6CFC-EFD0-42CE-8F5D-24275371FA12}.Debug|Any CPU.ActiveCfg = Debug|Any CPU
		{66FC6CFC-EFD0-42CE-8F5D-24275371FA12}.Debug|Any CPU.Build.0 = Debug|Any CPU
		{66FC6CFC-EFD0-42CE-8F5D-24275371FA12}.Release|Any CPU.ActiveCfg = Release|Any CPU
		{66FC6CFC-EFD0-42CE-8F5D-24275371FA12}.Release|Any CPU.Build.0 = Release|Any CPU
	EndGlobalSection
	GlobalSection(SolutionProperties) = preSolution
		HideSolutionNode = FALSE
	EndGlobalSection
	GlobalSection(ExtensibilityGlobals) = postSolution
		SolutionGuid = {5401ACC9-2A43-4435-8927-C37997F63125}
	EndGlobalSection
EndGlobal
